
Microsoft Visual Studio Solution File, Format Version 12.00
Project("{FAE04EC0-301F-11D3-BF4B-00C04F79EFBC}") = "Project.FirstApp", "Project.FirstApp\Project.FirstApp.csproj", "{ABCC9275-A9E7-406B-87FA-FFA419A2E5CC}"
EndProject
Project("{FAE04EC0-301F-11D3-BF4B-00C04F79EFBC}") = "HelloWorld", "HelloWorld\HelloWorld.csproj", "{097BE50F-0D0E-4EC3-9EC0-37E3B143A713}"
EndProject
Global
	GlobalSection(SolutionConfigurationPlatforms) = preSolution
		Debug|Any CPU = Debug|Any CPU
		Release|Any CPU = Release|Any CPU
	EndGlobalSection
	GlobalSection(ProjectConfigurationPlatforms) = postSolution
		{ABCC9275-A9E7-406B-87FA-FFA419A2E5CC}.Debug|Any CPU.ActiveCfg = Debug|Any CPU
		{ABCC9275-A9E7-406B-87FA-FFA419A2E5CC}.Debug|Any CPU.Build.0 = Debug|Any CPU
		{ABCC9275-A9E7-406B-87FA-FFA419A2E5CC}.Release|Any CPU.ActiveCfg = Release|Any CPU
		{ABCC9275-A9E7-406B-87FA-FFA419A2E5CC}.Release|Any CPU.Build.0 = Release|Any CPU
		{097BE50F-0D0E-4EC3-9EC0-37E3B143A713}.Debug|Any CPU.ActiveCfg = Debug|Any CPU
		{097BE50F-0D0E-4EC3-9EC0-37E3B143A713}.Debug|Any CPU.Build.0 = Debug|Any CPU
		{097BE50F-0D0E-4EC3-9EC0-37E3B143A713}.Release|Any CPU.ActiveCfg = Release|Any CPU
		{097BE50F-0D0E-4EC3-9EC0-37E3B143A713}.Release|Any CPU.Build.0 = Release|Any CPU
	EndGlobalSection
EndGlobal
